
Microsoft Visual Studio Solution File, Format Version 12.00
# Visual Studio 14
VisualStudioVersion = 14.0.25420.1
MinimumVisualStudioVersion = 10.0.40219.1
Project("{FAE04EC0-301F-11D3-BF4B-00C04F79EFBC}") = "ADP.TaaS.COD", "ADP.TaaS.COD\ADP.TaaS.COD.csproj", "{7A03EAA1-E9B6-43D5-B56A-8366C1F4EFF5}"
	ProjectSection(ProjectDependencies) = postProject
		{216814F4-714B-42B4-B7D1-1A73A07DD363} = {216814F4-714B-42B4-B7D1-1A73A07DD363}
	EndProjectSection
EndProject
Project("{FAE04EC0-301F-11D3-BF4B-00C04F79EFBC}") = "ADP.TaaS.COD.Tests", "ADP.TaaS.COD.Tests\ADP.TaaS.COD.Tests.csproj", "{D417C90D-DAF0-4A5B-88E6-7A1E3B5ADBBF}"
EndProject
Project("{FAE04EC0-301F-11D3-BF4B-00C04F79EFBC}") = "ADP.TaaS.COD.Utility", "ADP.TaaS.COD.MongoDBUtility\ADP.TaaS.COD.Utility.csproj", "{A5A1CC84-807D-4231-84E9-D6CFA3113A98}"
EndProject
Project("{FAE04EC0-301F-11D3-BF4B-00C04F79EFBC}") = "ADP.TaaS.COD.Model", "ADP.TaaS.COD.Model\ADP.TaaS.COD.Model.csproj", "{216814F4-714B-42B4-B7D1-1A73A07DD363}"
EndProject
Project("{FAE04EC0-301F-11D3-BF4B-00C04F79EFBC}") = "ADP.TaaS.COD.BLL", "ADP.TaaS.COD.BLL\ADP.TaaS.COD.BLL.csproj", "{62AB2328-BB31-4514-9829-C1706A121ECA}"
EndProject
Project("{FAE04EC0-301F-11D3-BF4B-00C04F79EFBC}") = "ADP.TaaS.COD.DAL", "ADP.TaaS.COD.DAL\ADP.TaaS.COD.DAL.csproj", "{FD8B1C7A-47EF-4856-995B-35DF743E6188}"
EndProject
Project("{FAE04EC0-301F-11D3-BF4B-00C04F79EFBC}") = "ADP.TaaS.COD.IISConfig", "ADP.TaaS.COD.IISConfig\ADP.TaaS.COD.IISConfig.csproj", "{A05CD637-8035-4C64-9EAD-95CB608C8892}"
EndProject
Project("{930C7802-8A8C-48F9-8165-68863BCCD9DD}") = "ADP.TaaS.COD.Setup", "ADP.TaaS.COD.Setup\ADP.TaaS.COD.Setup.wixproj", "{4684F73E-FC3F-46DE-B240-328D783B3359}"
EndProject
Global
	GlobalSection(SolutionConfigurationPlatforms) = preSolution
		Debug|Any CPU = Debug|Any CPU
		Debug|x86 = Debug|x86
		Release|Any CPU = Release|Any CPU
		Release|x86 = Release|x86
	EndGlobalSection
	GlobalSection(ProjectConfigurationPlatforms) = postSolution
		{7A03EAA1-E9B6-43D5-B56A-8366C1F4EFF5}.Debug|Any CPU.ActiveCfg = Debug|Any CPU
		{7A03EAA1-E9B6-43D5-B56A-8366C1F4EFF5}.Debug|Any CPU.Build.0 = Debug|Any CPU
		{7A03EAA1-E9B6-43D5-B56A-8366C1F4EFF5}.Debug|x86.ActiveCfg = Debug|Any CPU
		{7A03EAA1-E9B6-43D5-B56A-8366C1F4EFF5}.Debug|x86.Build.0 = Debug|Any CPU
		{7A03EAA1-E9B6-43D5-B56A-8366C1F4EFF5}.Release|Any CPU.ActiveCfg = Release|Any CPU
		{7A03EAA1-E9B6-43D5-B56A-8366C1F4EFF5}.Release|Any CPU.Build.0 = Release|Any CPU
		{7A03EAA1-E9B6-43D5-B56A-8366C1F4EFF5}.Release|x86.ActiveCfg = Release|Any CPU
		{7A03EAA1-E9B6-43D5-B56A-8366C1F4EFF5}.Release|x86.Build.0 = Release|Any CPU
		{D417C90D-DAF0-4A5B-88E6-7A1E3B5ADBBF}.Debug|Any CPU.ActiveCfg = Debug|Any CPU
		{D417C90D-DAF0-4A5B-88E6-7A1E3B5ADBBF}.Debug|Any CPU.Build.0 = Debug|Any CPU
		{D417C90D-DAF0-4A5B-88E6-7A1E3B5ADBBF}.Debug|x86.ActiveCfg = Debug|Any CPU
		{D417C90D-DAF0-4A5B-88E6-7A1E3B5ADBBF}.Debug|x86.Build.0 = Debug|Any CPU
		{D417C90D-DAF0-4A5B-88E6-7A1E3B5ADBBF}.Release|Any CPU.ActiveCfg = Release|Any CPU
		{D417C90D-DAF0-4A5B-88E6-7A1E3B5ADBBF}.Release|Any CPU.Build.0 = Release|Any CPU
		{D417C90D-DAF0-4A5B-88E6-7A1E3B5ADBBF}.Release|x86.ActiveCfg = Release|Any CPU
		{D417C90D-DAF0-4A5B-88E6-7A1E3B5ADBBF}.Release|x86.Build.0 = Release|Any CPU
		{A5A1CC84-807D-4231-84E9-D6CFA3113A98}.Debug|Any CPU.ActiveCfg = Debug|Any CPU
		{A5A1CC84-807D-4231-84E9-D6CFA3113A98}.Debug|Any CPU.Build.0 = Debug|Any CPU
		{A5A1CC84-807D-4231-84E9-D6CFA3113A98}.Debug|x86.ActiveCfg = Debug|Any CPU
		{A5A1CC84-807D-4231-84E9-D6CFA3113A98}.Debug|x86.Build.0 = Debug|Any CPU
		{A5A1CC84-807D-4231-84E9-D6CFA3113A98}.Release|Any CPU.ActiveCfg = Release|Any CPU
		{A5A1CC84-807D-4231-84E9-D6CFA3113A98}.Release|Any CPU.Build.0 = Release|Any CPU
		{A5A1CC84-807D-4231-84E9-D6CFA3113A98}.Release|x86.ActiveCfg = Release|Any CPU
		{A5A1CC84-807D-4231-84E9-D6CFA3113A98}.Release|x86.Build.0 = Release|Any CPU
		{216814F4-714B-42B4-B7D1-1A73A07DD363}.Debug|Any CPU.ActiveCfg = Debug|Any CPU
		{216814F4-714B-42B4-B7D1-1A73A07DD363}.Debug|Any CPU.Build.0 = Debug|Any CPU
		{216814F4-714B-42B4-B7D1-1A73A07DD363}.Debug|x86.ActiveCfg = Debug|Any CPU
		{216814F4-714B-42B4-B7D1-1A73A07DD363}.Debug|x86.Build.0 = Debug|Any CPU
		{216814F4-714B-42B4-B7D1-1A73A07DD363}.Release|Any CPU.ActiveCfg = Release|Any CPU
		{216814F4-714B-42B4-B7D1-1A73A07DD363}.Release|Any CPU.Build.0 = Release|Any CPU
		{216814F4-714B-42B4-B7D1-1A73A07DD363}.Release|x86.ActiveCfg = Release|Any CPU
		{216814F4-714B-42B4-B7D1-1A73A07DD363}.Release|x86.Build.0 = Release|Any CPU
		{62AB2328-BB31-4514-9829-C1706A121ECA}.Debug|Any CPU.ActiveCfg = Debug|Any CPU
		{62AB2328-BB31-4514-9829-C1706A121ECA}.Debug|Any CPU.Build.0 = Debug|Any CPU
		{62AB2328-BB31-4514-9829-C1706A121ECA}.Debug|x86.ActiveCfg = Debug|Any CPU
		{62AB2328-BB31-4514-9829-C1706A121ECA}.Debug|x86.Build.0 = Debug|Any CPU
		{62AB2328-BB31-4514-9829-C1706A121ECA}.Release|Any CPU.ActiveCfg = Release|Any CPU
		{62AB2328-BB31-4514-9829-C1706A121ECA}.Release|Any CPU.Build.0 = Release|Any CPU
		{62AB2328-BB31-4514-9829-C1706A121ECA}.Release|x86.ActiveCfg = Release|Any CPU
		{62AB2328-BB31-4514-9829-C1706A121ECA}.Release|x86.Build.0 = Release|Any CPU
		{FD8B1C7A-47EF-4856-995B-35DF743E6188}.Debug|Any CPU.ActiveCfg = Debug|Any CPU
		{FD8B1C7A-47EF-4856-995B-35DF743E6188}.Debug|Any CPU.Build.0 = Debug|Any CPU
		{FD8B1C7A-47EF-4856-995B-35DF743E6188}.Debug|x86.ActiveCfg = Debug|Any CPU
		{FD8B1C7A-47EF-4856-995B-35DF743E6188}.Debug|x86.Build.0 = Debug|Any CPU
		{FD8B1C7A-47EF-4856-995B-35DF743E6188}.Release|Any CPU.ActiveCfg = Release|Any CPU
		{FD8B1C7A-47EF-4856-995B-35DF743E6188}.Release|Any CPU.Build.0 = Release|Any CPU
		{FD8B1C7A-47EF-4856-995B-35DF743E6188}.Release|x86.ActiveCfg = Release|Any CPU
		{FD8B1C7A-47EF-4856-995B-35DF743E6188}.Release|x86.Build.0 = Release|Any CPU
		{A05CD637-8035-4C64-9EAD-95CB608C8892}.Debug|Any CPU.ActiveCfg = Debug|Any CPU
		{A05CD637-8035-4C64-9EAD-95CB608C8892}.Debug|Any CPU.Build.0 = Debug|Any CPU
		{A05CD637-8035-4C64-9EAD-95CB608C8892}.Debug|x86.ActiveCfg = Debug|Any CPU
		{A05CD637-8035-4C64-9EAD-95CB608C8892}.Debug|x86.Build.0 = Debug|Any CPU
		{A05CD637-8035-4C64-9EAD-95CB608C8892}.Release|Any CPU.ActiveCfg = Release|Any CPU
		{A05CD637-8035-4C64-9EAD-95CB608C8892}.Release|Any CPU.Build.0 = Release|Any CPU
		{A05CD637-8035-4C64-9EAD-95CB608C8892}.Release|x86.ActiveCfg = Release|Any CPU
		{A05CD637-8035-4C64-9EAD-95CB608C8892}.Release|x86.Build.0 = Release|Any CPU
		{4684F73E-FC3F-46DE-B240-328D783B3359}.Debug|Any CPU.ActiveCfg = Debug|x86
		{4684F73E-FC3F-46DE-B240-328D783B3359}.Debug|x86.ActiveCfg = Debug|x86
		{4684F73E-FC3F-46DE-B240-328D783B3359}.Debug|x86.Build.0 = Debug|x86
		{4684F73E-FC3F-46DE-B240-328D783B3359}.Release|Any CPU.ActiveCfg = Release|x86
		{4684F73E-FC3F-46DE-B240-328D783B3359}.Release|Any CPU.Build.0 = Release|x86
		{4684F73E-FC3F-46DE-B240-328D783B3359}.Release|x86.ActiveCfg = Release|x86
		{4684F73E-FC3F-46DE-B240-328D783B3359}.Release|x86.Build.0 = Release|x86
	EndGlobalSection
	GlobalSection(SolutionProperties) = preSolution
		HideSolutionNode = FALSE
	EndGlobalSection
EndGlobal
